
Microsoft Visual Studio Solution File, Format Version 12.00
# Visual Studio Version 16
VisualStudioVersion = 16.0.31515.178
MinimumVisualStudioVersion = 10.0.40219.1
Project("{FAE04EC0-301F-11D3-BF4B-00C04F79EFBC}") = "WpfCarTable", "WpfCarTable\WpfCarTable.csproj", "{FF61862B-F56A-472E-A975-3AD1B8D86441}"
EndProject
Project("{FAE04EC0-301F-11D3-BF4B-00C04F79EFBC}") = "Entities", "Entities\Entities.csproj", "{3F818274-5CE3-4B50-9951-68514BCF740B}"
EndProject
Project("{FAE04EC0-301F-11D3-BF4B-00C04F79EFBC}") = "Persistence", "Persistence\Persistence.csproj", "{86104F47-2815-4063-BA71-2D1A1C69DE67}"
EndProject
Global
	GlobalSection(SolutionConfigurationPlatforms) = preSolution
		Debug|Any CPU = Debug|Any CPU
		Release|Any CPU = Release|Any CPU
	EndGlobalSection
	GlobalSection(ProjectConfigurationPlatforms) = postSolution
		{FF61862B-F56A-472E-A975-3AD1B8D86441}.Debug|Any CPU.ActiveCfg = Debug|Any CPU
		{FF61862B-F56A-472E-A975-3AD1B8D86441}.Debug|Any CPU.Build.0 = Debug|Any CPU
		{FF61862B-F56A-472E-A975-3AD1B8D86441}.Release|Any CPU.ActiveCfg = Release|Any CPU
		{FF61862B-F56A-472E-A975-3AD1B8D86441}.Release|Any CPU.Build.0 = Release|Any CPU
		{3F818274-5CE3-4B50-9951-68514BCF740B}.Debug|Any CPU.ActiveCfg = Debug|Any CPU
		{3F818274-5CE3-4B50-9951-68514BCF740B}.Debug|Any CPU.Build.0 = Debug|Any CPU
		{3F818274-5CE3-4B50-9951-68514BCF740B}.Release|Any CPU.ActiveCfg = Release|Any CPU
		{3F818274-5CE3-4B50-9951-68514BCF740B}.Release|Any CPU.Build.0 = Release|Any CPU
		{86104F47-2815-4063-BA71-2D1A1C69DE67}.Debug|Any CPU.ActiveCfg = Debug|Any CPU
		{86104F47-2815-4063-BA71-2D1A1C69DE67}.Debug|Any CPU.Build.0 = Debug|Any CPU
		{86104F47-2815-4063-BA71-2D1A1C69DE67}.Release|Any CPU.ActiveCfg = Release|Any CPU
		{86104F47-2815-4063-BA71-2D1A1C69DE67}.Release|Any CPU.Build.0 = Release|Any CPU
	EndGlobalSection
	GlobalSection(SolutionProperties) = preSolution
		HideSolutionNode = FALSE
	EndGlobalSection
	GlobalSection(ExtensibilityGlobals) = postSolution
		SolutionGuid = {9FFD1A90-E371-4689-8EEF-A14000FF52E8}
	EndGlobalSection
EndGlobal
